
Microsoft Visual Studio Solution File, Format Version 12.00
# Visual Studio Version 17
VisualStudioVersion = 17.9.34728.123
MinimumVisualStudioVersion = 10.0.40219.1
Project("{FAE04EC0-301F-11D3-BF4B-00C04F79EFBC}") = "dz2", "dz2\dz2.csproj", "{04F41911-41B5-4CF5-9233-F25C79856814}"
EndProject
Project("{FAE04EC0-301F-11D3-BF4B-00C04F79EFBC}") = "2", "2\2.csproj", "{EA011398-181A-4019-BBFC-F81F8148A401}"
EndProject
Global
	GlobalSection(SolutionConfigurationPlatforms) = preSolution
		Debug|Any CPU = Debug|Any CPU
		Release|Any CPU = Release|Any CPU
	EndGlobalSection
	GlobalSection(ProjectConfigurationPlatforms) = postSolution
		{04F41911-41B5-4CF5-9233-F25C79856814}.Debug|Any CPU.ActiveCfg = Debug|Any CPU
		{04F41911-41B5-4CF5-9233-F25C79856814}.Debug|Any CPU.Build.0 = Debug|Any CPU
		{04F41911-41B5-4CF5-9233-F25C79856814}.Release|Any CPU.ActiveCfg = Release|Any CPU
		{04F41911-41B5-4CF5-9233-F25C79856814}.Release|Any CPU.Build.0 = Release|Any CPU
		{EA011398-181A-4019-BBFC-F81F8148A401}.Debug|Any CPU.ActiveCfg = Debug|Any CPU
		{EA011398-181A-4019-BBFC-F81F8148A401}.Debug|Any CPU.Build.0 = Debug|Any CPU
		{EA011398-181A-4019-BBFC-F81F8148A401}.Release|Any CPU.ActiveCfg = Release|Any CPU
		{EA011398-181A-4019-BBFC-F81F8148A401}.Release|Any CPU.Build.0 = Release|Any CPU
	EndGlobalSection
	GlobalSection(SolutionProperties) = preSolution
		HideSolutionNode = FALSE
	EndGlobalSection
	GlobalSection(ExtensibilityGlobals) = postSolution
		SolutionGuid = {4D60B0CC-76F9-4044-9586-76BBB131632A}
	EndGlobalSection
EndGlobal
